{
  "lockfile-version": 1,
  "manifest": {
    "version": 1,
    "install": {
      "cargo": {
        "pkg-path": "cargo"
      },
      "clang": {
        "pkg-path": "clang"
      },
      "dasel": {
        "pkg-path": "dasel"
      },
      "gnumake": {
        "pkg-path": "gnumake"
      },
      "graphviz": {
        "pkg-path": "graphviz"
      },
      "rustc": {
        "pkg-path": "rustc"
      },
      "rustfmt": {
        "pkg-path": "rustfmt"
      }
    },
    "options": {},
    "build": {
      "makedot": {
        "command": "  cargo build --release\n  mkdir -p $out/bin $out/libexec\n  cp target/release/makedot $out/libexec\n  # Create link to gnumake from libexec\n  ln -s $(realpath $(which make)) $out/libexec/make\n  # Create make wrapper script\n  cp src/make.bash $out/bin/make\n  sed -i \"s%@out@%$out%g\" $out/bin/make\n  chmod +x $out/bin/make\n",
        "runtime-packages": [
          "gnumake",
          "graphviz"
        ],
        "sandbox": "off",
        "version": {
          "command": "dasel -f Cargo.toml package.version | tr -d \"'\""
        }
      }
    }
  },
  "packages": [
    {
      "attr_path": "cargo",
      "broken": false,
      "derivation": "/nix/store/asxfmqp19s6dixk9ys27ffdpzfnacv9f-cargo-1.86.0.drv",
      "description": "Downloads your Rust project's dependencies and builds your project",
      "install_id": "cargo",
      "license": "[ MIT, Apache-2.0 ]",
      "locked_url": "https://github.com/flox/nixpkgs?rev=9e83b64f727c88a7711a2c463a7b16eedb69a84c",
      "name": "cargo-1.86.0",
      "pname": "cargo",
      "rev": "9e83b64f727c88a7711a2c463a7b16eedb69a84c",
      "rev_count": 816272,
      "rev_date": "2025-06-17T04:31:58Z",
      "scrape_date": "2025-06-18T00:36:15.597984Z",
      "stabilities": [
        "unstable"
      ],
      "unfree": false,
      "version": "1.86.0",
      "outputs_to_install": [
        "out"
      ],
      "outputs": {
        "out": "/nix/store/v9kavzgzbym8adb6p7nxgid13jz76411-cargo-1.86.0"
      },
      "system": "aarch64-darwin",
      "group": "toplevel",
      "priority": 5
    },
    {
      "attr_path": "cargo",
      "broken": false,
      "derivation": "/nix/store/kv0dpxkgxhirszng2rwiywfcz7zamalp-cargo-1.86.0.drv",
      "description": "Downloads your Rust project's dependencies and builds your project",
      "install_id": "cargo",
      "license": "[ MIT, Apache-2.0 ]",
      "locked_url": "https://github.com/flox/nixpkgs?rev=9e83b64f727c88a7711a2c463a7b16eedb69a84c",
      "name": "cargo-1.86.0",
      "pname": "cargo",
      "rev": "9e83b64f727c88a7711a2c463a7b16eedb69a84c",
      "rev_count": 816272,
      "rev_date": "2025-06-17T04:31:58Z",
      "scrape_date": "2025-06-18T00:54:48.080614Z",
      "stabilities": [
        "unstable"
      ],
      "unfree": false,
      "version": "1.86.0",
      "outputs_to_install": [
        "out"
      ],
      "outputs": {
        "out": "/nix/store/4y830m5qm2xfvdacbsy3q1afxqnawihc-cargo-1.86.0"
      },
      "system": "aarch64-linux",
      "group": "toplevel",
      "priority": 5
    },
    {
      "attr_path": "cargo",
      "broken": false,
      "derivation": "/nix/store/yrz4hmm12096qyi8mmvnqikx48v7gq1v-cargo-1.86.0.drv",
      "description": "Downloads your Rust project's dependencies and builds your project",
      "install_id": "cargo",
      "license": "[ MIT, Apache-2.0 ]",
      "locked_url": "https://github.com/flox/nixpkgs?rev=9e83b64f727c88a7711a2c463a7b16eedb69a84c",
      "name": "cargo-1.86.0",
      "pname": "cargo",
      "rev": "9e83b64f727c88a7711a2c463a7b16eedb69a84c",
      "rev_count": 816272,
      "rev_date": "2025-06-17T04:31:58Z",
      "scrape_date": "2025-06-18T01:12:22.856370Z",
      "stabilities": [
        "unstable"
      ],
      "unfree": false,
      "version": "1.86.0",
      "outputs_to_install": [
        "out"
      ],
      "outputs": {
        "out": "/nix/store/mdqqq9g5zrisd3ng2j56a9gijr5fawp5-cargo-1.86.0"
      },
      "system": "x86_64-darwin",
      "group": "toplevel",
      "priority": 5
    },
    {
      "attr_path": "cargo",
      "broken": false,
      "derivation": "/nix/store/fc9qr6i3xyalwb4pnfclgkwvxasr12xm-cargo-1.86.0.drv",
      "description": "Downloads your Rust project's dependencies and builds your project",
      "install_id": "cargo",
      "license": "[ MIT, Apache-2.0 ]",
      "locked_url": "https://github.com/flox/nixpkgs?rev=9e83b64f727c88a7711a2c463a7b16eedb69a84c",
      "name": "cargo-1.86.0",
      "pname": "cargo",
      "rev": "9e83b64f727c88a7711a2c463a7b16eedb69a84c",
      "rev_count": 816272,
      "rev_date": "2025-06-17T04:31:58Z",
      "scrape_date": "2025-06-18T01:32:27.487532Z",
      "stabilities": [
        "unstable"
      ],
      "unfree": false,
      "version": "1.86.0",
      "outputs_to_install": [
        "out"
      ],
      "outputs": {
        "out": "/nix/store/npqlgsia03kfhv8m9mav6hfnbawpg0yg-cargo-1.86.0"
      },
      "system": "x86_64-linux",
      "group": "toplevel",
      "priority": 5
    },
    {
      "attr_path": "clang",
      "broken": false,
      "derivation": "/nix/store/l5l5gsvjqqnr4vwvg6jygqr9409jf7ml-clang-wrapper-19.1.7.drv",
      "description": "C language family frontend for LLVM (wrapper script)",
      "install_id": "clang",
      "license": "[ NCSA, Apache-2.0, LLVM-exception ]",
      "locked_url": "https://github.com/flox/nixpkgs?rev=9e83b64f727c88a7711a2c463a7b16eedb69a84c",
      "name": "clang-wrapper-19.1.7",
      "pname": "clang",
      "rev": "9e83b64f727c88a7711a2c463a7b16eedb69a84c",
      "rev_count": 816272,
      "rev_date": "2025-06-17T04:31:58Z",
      "scrape_date": "2025-06-18T00:36:15.733868Z",
      "stabilities": [
        "unstable"
      ],
      "unfree": false,
      "version": "19.1.7",
      "outputs_to_install": [
        "out"
      ],
      "outputs": {
        "out": "/nix/store/cvhbqa01i5yy7xmmpqp1hbnvq7kpvgsx-clang-wrapper-19.1.7"
      },
      "system": "aarch64-darwin",
      "group": "toplevel",
      "priority": 5
    },
    {
      "attr_path": "clang",
      "broken": false,
      "derivation": "/nix/store/yjjbzl8z4r2ya5vypj9i5yxfcn53pgsj-clang-wrapper-19.1.7.drv",
      "description": "C language family frontend for LLVM (wrapper script)",
      "install_id": "clang",
      "license": "[ NCSA, Apache-2.0, LLVM-exception ]",
      "locked_url": "https://github.com/flox/nixpkgs?rev=9e83b64f727c88a7711a2c463a7b16eedb69a84c",
      "name": "clang-wrapper-19.1.7",
      "pname": "clang",
      "rev": "9e83b64f727c88a7711a2c463a7b16eedb69a84c",
      "rev_count": 816272,
      "rev_date": "2025-06-17T04:31:58Z",
      "scrape_date": "2025-06-18T00:54:48.244550Z",
      "stabilities": [
        "unstable"
      ],
      "unfree": false,
      "version": "19.1.7",
      "outputs_to_install": [
        "out"
      ],
      "outputs": {
        "out": "/nix/store/vp6zgsnwkqjn89lgdkizr2vpxp6zvv9m-clang-wrapper-19.1.7"
      },
      "system": "aarch64-linux",
      "group": "toplevel",
      "priority": 5
    },
    {
      "attr_path": "clang",
      "broken": false,
      "derivation": "/nix/store/0z1jb53aac4kr850x6zadkdnb3dhasff-clang-wrapper-19.1.7.drv",
      "description": "C language family frontend for LLVM (wrapper script)",
      "install_id": "clang",
      "license": "[ NCSA, Apache-2.0, LLVM-exception ]",
      "locked_url": "https://github.com/flox/nixpkgs?rev=9e83b64f727c88a7711a2c463a7b16eedb69a84c",
      "name": "clang-wrapper-19.1.7",
      "pname": "clang",
      "rev": "9e83b64f727c88a7711a2c463a7b16eedb69a84c",
      "rev_count": 816272,
      "rev_date": "2025-06-17T04:31:58Z",
      "scrape_date": "2025-06-18T01:12:22.987158Z",
      "stabilities": [
        "unstable"
      ],
      "unfree": false,
      "version": "19.1.7",
      "outputs_to_install": [
        "out"
      ],
      "outputs": {
        "out": "/nix/store/cm1kj0v0xpsql7fww3hv7f3z930k2fnw-clang-wrapper-19.1.7"
      },
      "system": "x86_64-darwin",
      "group": "toplevel",
      "priority": 5
    },
    {
      "attr_path": "clang",
      "broken": false,
      "derivation": "/nix/store/g6xp2vv856rgg5q0lvcac2wwx6lspb6z-clang-wrapper-19.1.7.drv",
      "description": "C language family frontend for LLVM (wrapper script)",
      "install_id": "clang",
      "license": "[ NCSA, Apache-2.0, LLVM-exception ]",
      "locked_url": "https://github.com/flox/nixpkgs?rev=9e83b64f727c88a7711a2c463a7b16eedb69a84c",
      "name": "clang-wrapper-19.1.7",
      "pname": "clang",
      "rev": "9e83b64f727c88a7711a2c463a7b16eedb69a84c",
      "rev_count": 816272,
      "rev_date": "2025-06-17T04:31:58Z",
      "scrape_date": "2025-06-18T01:32:27.666684Z",
      "stabilities": [
        "unstable"
      ],
      "unfree": false,
      "version": "19.1.7",
      "outputs_to_install": [
        "out"
      ],
      "outputs": {
        "out": "/nix/store/fmysfy9gl5d59yir4fksi29wz10maljg-clang-wrapper-19.1.7"
      },
      "system": "x86_64-linux",
      "group": "toplevel",
      "priority": 5
    },
    {
      "attr_path": "dasel",
      "broken": false,
      "derivation": "/nix/store/75jycqx43lhygycizw5m03qhdapc1lxz-dasel-2.8.1.drv",
      "description": "Query and update data structures from the command line",
      "install_id": "dasel",
      "license": "MIT",
      "locked_url": "https://github.com/flox/nixpkgs?rev=9e83b64f727c88a7711a2c463a7b16eedb69a84c",
      "name": "dasel-2.8.1",
      "pname": "dasel",
      "rev": "9e83b64f727c88a7711a2c463a7b16eedb69a84c",
      "rev_count": 816272,
      "rev_date": "2025-06-17T04:31:58Z",
      "scrape_date": "2025-06-18T00:36:15.866465Z",
      "stabilities": [
        "unstable"
      ],
      "unfree": false,
      "version": "2.8.1",
      "outputs_to_install": [
        "out"
      ],
      "outputs": {
        "out": "/nix/store/a2rpvafsadq3bs4x65rq2mcwzkc7l58v-dasel-2.8.1"
      },
      "system": "aarch64-darwin",
      "group": "toplevel",
      "priority": 5
    },
    {
      "attr_path": "dasel",
      "broken": false,
      "derivation": "/nix/store/8yv9gmr9b1xzvkv632qh55xyhh1qhy94-dasel-2.8.1.drv",
      "description": "Query and update data structures from the command line",
      "install_id": "dasel",
      "license": "MIT",
      "locked_url": "https://github.com/flox/nixpkgs?rev=9e83b64f727c88a7711a2c463a7b16eedb69a84c",
      "name": "dasel-2.8.1",
      "pname": "dasel",
      "rev": "9e83b64f727c88a7711a2c463a7b16eedb69a84c",
      "rev_count": 816272,
      "rev_date": "2025-06-17T04:31:58Z",
      "scrape_date": "2025-06-18T00:54:48.472267Z",
      "stabilities": [
        "unstable"
      ],
      "unfree": false,
      "version": "2.8.1",
      "outputs_to_install": [
        "out"
      ],
      "outputs": {
        "out": "/nix/store/nk6sqpz8flrc4gj75z88b86sj7cmxin1-dasel-2.8.1"
      },
      "system": "aarch64-linux",
      "group": "toplevel",
      "priority": 5
    },
    {
      "attr_path": "dasel",
      "broken": false,
      "derivation": "/nix/store/0hz04w1m1i1dsw8qrvjirj5nbgj23vmm-dasel-2.8.1.drv",
      "description": "Query and update data structures from the command line",
      "install_id": "dasel",
      "license": "MIT",
      "locked_url": "https://github.com/flox/nixpkgs?rev=9e83b64f727c88a7711a2c463a7b16eedb69a84c",
      "name": "dasel-2.8.1",
      "pname": "dasel",
      "rev": "9e83b64f727c88a7711a2c463a7b16eedb69a84c",
      "rev_count": 816272,
      "rev_date": "2025-06-17T04:31:58Z",
      "scrape_date": "2025-06-18T01:12:23.108532Z",
      "stabilities": [
        "unstable"
      ],
      "unfree": false,
      "version": "2.8.1",
      "outputs_to_install": [
        "out"
      ],
      "outputs": {
        "out": "/nix/store/pjv3ljvj3fspspbs72jn67z2x5n6y5nq-dasel-2.8.1"
      },
      "system": "x86_64-darwin",
      "group": "toplevel",
      "priority": 5
    },
    {
      "attr_path": "dasel",
      "broken": false,
      "derivation": "/nix/store/1gdyg9zlb2g54i189y28ldra2w7axyyy-dasel-2.8.1.drv",
      "description": "Query and update data structures from the command line",
      "install_id": "dasel",
      "license": "MIT",
      "locked_url": "https://github.com/flox/nixpkgs?rev=9e83b64f727c88a7711a2c463a7b16eedb69a84c",
      "name": "dasel-2.8.1",
      "pname": "dasel",
      "rev": "9e83b64f727c88a7711a2c463a7b16eedb69a84c",
      "rev_count": 816272,
      "rev_date": "2025-06-17T04:31:58Z",
      "scrape_date": "2025-06-18T01:32:27.914350Z",
      "stabilities": [
        "unstable"
      ],
      "unfree": false,
      "version": "2.8.1",
      "outputs_to_install": [
        "out"
      ],
      "outputs": {
        "out": "/nix/store/r8fc5y3y08hyzih6in84x0bsc1qvs5nr-dasel-2.8.1"
      },
      "system": "x86_64-linux",
      "group": "toplevel",
      "priority": 5
    },
    {
      "attr_path": "gnumake",
      "broken": false,
      "derivation": "/nix/store/0z9w4hr3wkrs4fdrk0h42isxzhxxlbi5-gnumake-4.4.1.drv",
      "description": "Tool to control the generation of non-source files from sources",
      "install_id": "gnumake",
      "license": "GPL-3.0-or-later",
      "locked_url": "https://github.com/flox/nixpkgs?rev=9e83b64f727c88a7711a2c463a7b16eedb69a84c",
      "name": "gnumake-4.4.1",
      "pname": "gnumake",
      "rev": "9e83b64f727c88a7711a2c463a7b16eedb69a84c",
      "rev_count": 816272,
      "rev_date": "2025-06-17T04:31:58Z",
      "scrape_date": "2025-06-18T00:36:16.399869Z",
      "stabilities": [
        "unstable"
      ],
      "unfree": false,
      "version": "4.4.1",
      "outputs_to_install": [
        "man",
        "out"
      ],
      "outputs": {
        "info": "/nix/store/4ykdx0lpl2dn8knnab0bap11prr7zzky-gnumake-4.4.1-info",
        "man": "/nix/store/x59n9rzr26vf9cr0aapfakhrqhg7vy18-gnumake-4.4.1-man",
        "out": "/nix/store/wkq7f52a2xq4n24f545wy2fidm4z14f2-gnumake-4.4.1"
      },
      "system": "aarch64-darwin",
      "group": "toplevel",
      "priority": 5
    },
    {
      "attr_path": "gnumake",
      "broken": false,
      "derivation": "/nix/store/pya8baigzsh8ddrq9zhwn3ppk07qihmh-gnumake-4.4.1.drv",
      "description": "Tool to control the generation of non-source files from sources",
      "install_id": "gnumake",
      "license": "GPL-3.0-or-later",
      "locked_url": "https://github.com/flox/nixpkgs?rev=9e83b64f727c88a7711a2c463a7b16eedb69a84c",
      "name": "gnumake-4.4.1",
      "pname": "gnumake",
      "rev": "9e83b64f727c88a7711a2c463a7b16eedb69a84c",
      "rev_count": 816272,
      "rev_date": "2025-06-17T04:31:58Z",
      "scrape_date": "2025-06-18T00:54:49.614922Z",
      "stabilities": [
        "unstable"
      ],
      "unfree": false,
      "version": "4.4.1",
      "outputs_to_install": [
        "man",
        "out"
      ],
      "outputs": {
        "debug": "/nix/store/wwhf09gg8ddpl4c6mx70pk3r3a6qx95r-gnumake-4.4.1-debug",
        "info": "/nix/store/8wcb953rsjvp2ybi7iig6hjls48w87dj-gnumake-4.4.1-info",
        "man": "/nix/store/f6b4ph7wflz6ylw3lylbiqrr72xs9jw5-gnumake-4.4.1-man",
        "out": "/nix/store/946sh8bs8hrlrb4jhwxqzllr37zb2q0y-gnumake-4.4.1"
      },
      "system": "aarch64-linux",
      "group": "toplevel",
      "priority": 5
    },
    {
      "attr_path": "gnumake",
      "broken": false,
      "derivation": "/nix/store/dla3vbdflxl9qwj4hvq2mn4xbsfic3gm-gnumake-4.4.1.drv",
      "description": "Tool to control the generation of non-source files from sources",
      "install_id": "gnumake",
      "license": "GPL-3.0-or-later",
      "locked_url": "https://github.com/flox/nixpkgs?rev=9e83b64f727c88a7711a2c463a7b16eedb69a84c",
      "name": "gnumake-4.4.1",
      "pname": "gnumake",
      "rev": "9e83b64f727c88a7711a2c463a7b16eedb69a84c",
      "rev_count": 816272,
      "rev_date": "2025-06-17T04:31:58Z",
      "scrape_date": "2025-06-18T01:12:23.660495Z",
      "stabilities": [
        "unstable"
      ],
      "unfree": false,
      "version": "4.4.1",
      "outputs_to_install": [
        "man",
        "out"
      ],
      "outputs": {
        "info": "/nix/store/14vf2zb0z70c67k2nzyqaz8b9rfjy73r-gnumake-4.4.1-info",
        "man": "/nix/store/22x6iviphcn6zlbvhihbvws00iavf9aj-gnumake-4.4.1-man",
        "out": "/nix/store/1fd85ai3984ah9cy31c7m1fn6i2mm66s-gnumake-4.4.1"
      },
      "system": "x86_64-darwin",
      "group": "toplevel",
      "priority": 5
    },
    {
      "attr_path": "gnumake",
      "broken": false,
      "derivation": "/nix/store/yhc71a2s1xkzgv9x20nyyrc5c9z9nc14-gnumake-4.4.1.drv",
      "description": "Tool to control the generation of non-source files from sources",
      "install_id": "gnumake",
      "license": "GPL-3.0-or-later",
      "locked_url": "https://github.com/flox/nixpkgs?rev=9e83b64f727c88a7711a2c463a7b16eedb69a84c",
      "name": "gnumake-4.4.1",
      "pname": "gnumake",
      "rev": "9e83b64f727c88a7711a2c463a7b16eedb69a84c",
      "rev_count": 816272,
      "rev_date": "2025-06-17T04:31:58Z",
      "scrape_date": "2025-06-18T01:32:29.208241Z",
      "stabilities": [
        "unstable"
      ],
      "unfree": false,
      "version": "4.4.1",
      "outputs_to_install": [
        "man",
        "out"
      ],
      "outputs": {
        "debug": "/nix/store/c59bxh8h9rnpp3l7y8i8zirpvp703z8w-gnumake-4.4.1-debug",
        "info": "/nix/store/xqygkvkp7cghyk66aivysnr88q24dsms-gnumake-4.4.1-info",
        "man": "/nix/store/5g01b5r1dbk91kwy4jld5vc1asy0mir4-gnumake-4.4.1-man",
        "out": "/nix/store/p7z72c2s722pbw31jmm3y0nwypksb5fj-gnumake-4.4.1"
      },
      "system": "x86_64-linux",
      "group": "toplevel",
      "priority": 5
    },
    {
      "attr_path": "graphviz",
      "broken": false,
      "derivation": "/nix/store/jkhxm7mwjfl75m89fyrdxhi7z449d4di-graphviz-12.2.1.drv",
      "description": "Graph visualization tools",
      "install_id": "graphviz",
      "license": "EPL-1.0",
      "locked_url": "https://github.com/flox/nixpkgs?rev=9e83b64f727c88a7711a2c463a7b16eedb69a84c",
      "name": "graphviz-12.2.1",
      "pname": "graphviz",
      "rev": "9e83b64f727c88a7711a2c463a7b16eedb69a84c",
      "rev_count": 816272,
      "rev_date": "2025-06-17T04:31:58Z",
      "scrape_date": "2025-06-18T00:36:16.500831Z",
      "stabilities": [
        "unstable"
      ],
      "unfree": false,
      "version": "12.2.1",
      "outputs_to_install": [
        "out"
      ],
      "outputs": {
        "out": "/nix/store/jcznx2c2hz7iwk97xgzizi3rqkvnghmc-graphviz-12.2.1"
      },
      "system": "aarch64-darwin",
      "group": "toplevel",
      "priority": 5
    },
    {
      "attr_path": "graphviz",
      "broken": false,
      "derivation": "/nix/store/287isznia0brvcfwsb40qvd86ghaipik-graphviz-12.2.1.drv",
      "description": "Graph visualization tools",
      "install_id": "graphviz",
      "license": "EPL-1.0",
      "locked_url": "https://github.com/flox/nixpkgs?rev=9e83b64f727c88a7711a2c463a7b16eedb69a84c",
      "name": "graphviz-12.2.1",
      "pname": "graphviz",
      "rev": "9e83b64f727c88a7711a2c463a7b16eedb69a84c",
      "rev_count": 816272,
      "rev_date": "2025-06-17T04:31:58Z",
      "scrape_date": "2025-06-18T00:54:49.787016Z",
      "stabilities": [
        "unstable"
      ],
      "unfree": false,
      "version": "12.2.1",
      "outputs_to_install": [
        "out"
      ],
      "outputs": {
        "out": "/nix/store/gpayvnlnryg41v41zkymfl5zvwifyzn3-graphviz-12.2.1"
      },
      "system": "aarch64-linux",
      "group": "toplevel",
      "priority": 5
    },
    {
      "attr_path": "graphviz",
      "broken": false,
      "derivation": "/nix/store/vg923bi859amkpbhpyylwgipgpii4hmd-graphviz-12.2.1.drv",
      "description": "Graph visualization tools",
      "install_id": "graphviz",
      "license": "EPL-1.0",
      "locked_url": "https://github.com/flox/nixpkgs?rev=9e83b64f727c88a7711a2c463a7b16eedb69a84c",
      "name": "graphviz-12.2.1",
      "pname": "graphviz",
      "rev": "9e83b64f727c88a7711a2c463a7b16eedb69a84c",
      "rev_count": 816272,
      "rev_date": "2025-06-17T04:31:58Z",
      "scrape_date": "2025-06-18T01:12:23.763195Z",
      "stabilities": [
        "unstable"
      ],
      "unfree": false,
      "version": "12.2.1",
      "outputs_to_install": [
        "out"
      ],
      "outputs": {
        "out": "/nix/store/jswrjcp9ilxyvgl44ccya89smf52vwgz-graphviz-12.2.1"
      },
      "system": "x86_64-darwin",
      "group": "toplevel",
      "priority": 5
    },
    {
      "attr_path": "graphviz",
      "broken": false,
      "derivation": "/nix/store/hax1vnyih49rs6kpl5jqdy3z12hkrvsw-graphviz-12.2.1.drv",
      "description": "Graph visualization tools",
      "install_id": "graphviz",
      "license": "EPL-1.0",
      "locked_url": "https://github.com/flox/nixpkgs?rev=9e83b64f727c88a7711a2c463a7b16eedb69a84c",
      "name": "graphviz-12.2.1",
      "pname": "graphviz",
      "rev": "9e83b64f727c88a7711a2c463a7b16eedb69a84c",
      "rev_count": 816272,
      "rev_date": "2025-06-17T04:31:58Z",
      "scrape_date": "2025-06-18T01:32:29.395522Z",
      "stabilities": [
        "unstable"
      ],
      "unfree": false,
      "version": "12.2.1",
      "outputs_to_install": [
        "out"
      ],
      "outputs": {
        "out": "/nix/store/75f5zxbsnbciq33ahnawq8kpspvy4k3x-graphviz-12.2.1"
      },
      "system": "x86_64-linux",
      "group": "toplevel",
      "priority": 5
    },
    {
      "attr_path": "rustc",
      "broken": false,
      "derivation": "/nix/store/sdady8xawvpglipcl03i5ws4i10y9dbs-rustc-wrapper-1.86.0.drv",
      "description": "Safe, concurrent, practical language (wrapper script)",
      "install_id": "rustc",
      "license": "[ MIT, Apache-2.0 ]",
      "locked_url": "https://github.com/flox/nixpkgs?rev=9e83b64f727c88a7711a2c463a7b16eedb69a84c",
      "name": "rustc-wrapper-1.86.0",
      "pname": "rustc",
      "rev": "9e83b64f727c88a7711a2c463a7b16eedb69a84c",
      "rev_count": 816272,
      "rev_date": "2025-06-17T04:31:58Z",
      "scrape_date": "2025-06-18T00:36:48.852511Z",
      "stabilities": [
        "unstable"
      ],
      "unfree": false,
      "version": "1.86.0",
      "outputs_to_install": [
        "man",
        "out"
      ],
      "outputs": {
        "doc": "/nix/store/fzwds8jsn89hnh7dcjw8z9xif6zhzk0x-rustc-wrapper-1.86.0-doc",
        "man": "/nix/store/q4npx9kxx0yazphfggdy3qd124rcw3pd-rustc-wrapper-1.86.0-man",
        "out": "/nix/store/sg9421abrr6af5kcg50gvyhlf11syhwv-rustc-wrapper-1.86.0"
      },
      "system": "aarch64-darwin",
      "group": "toplevel",
      "priority": 5
    },
    {
      "attr_path": "rustc",
      "broken": false,
      "derivation": "/nix/store/9naq8i8av6837cvffma00xa5lb18wchq-rustc-wrapper-1.86.0.drv",
      "description": "Safe, concurrent, practical language (wrapper script)",
      "install_id": "rustc",
      "license": "[ MIT, Apache-2.0 ]",
      "locked_url": "https://github.com/flox/nixpkgs?rev=9e83b64f727c88a7711a2c463a7b16eedb69a84c",
      "name": "rustc-wrapper-1.86.0",
      "pname": "rustc",
      "rev": "9e83b64f727c88a7711a2c463a7b16eedb69a84c",
      "rev_count": 816272,
      "rev_date": "2025-06-17T04:31:58Z",
      "scrape_date": "2025-06-18T00:55:46.360208Z",
      "stabilities": [
        "unstable"
      ],
      "unfree": false,
      "version": "1.86.0",
      "outputs_to_install": [
        "man",
        "out"
      ],
      "outputs": {
        "doc": "/nix/store/fd0rgmwgpymzvk19l5kb4c0spbkn4cza-rustc-wrapper-1.86.0-doc",
        "man": "/nix/store/39ai2d12xmbfvc08wlx90vwpx2vcdrhv-rustc-wrapper-1.86.0-man",
        "out": "/nix/store/q7fxjalif6miv8rf4pn2fddsi09y1s5q-rustc-wrapper-1.86.0"
      },
      "system": "aarch64-linux",
      "group": "toplevel",
      "priority": 5
    },
    {
      "attr_path": "rustc",
      "broken": false,
      "derivation": "/nix/store/1z75cqqls8jx4pca8sfrb9vx2dq7i1nf-rustc-wrapper-1.86.0.drv",
      "description": "Safe, concurrent, practical language (wrapper script)",
      "install_id": "rustc",
      "license": "[ MIT, Apache-2.0 ]",
      "locked_url": "https://github.com/flox/nixpkgs?rev=9e83b64f727c88a7711a2c463a7b16eedb69a84c",
      "name": "rustc-wrapper-1.86.0",
      "pname": "rustc",
      "rev": "9e83b64f727c88a7711a2c463a7b16eedb69a84c",
      "rev_count": 816272,
      "rev_date": "2025-06-17T04:31:58Z",
      "scrape_date": "2025-06-18T01:12:56.905178Z",
      "stabilities": [
        "unstable"
      ],
      "unfree": false,
      "version": "1.86.0",
      "outputs_to_install": [
        "man",
        "out"
      ],
      "outputs": {
        "doc": "/nix/store/xrnl26vy19qzb1985k2k6chf6y3hm60h-rustc-wrapper-1.86.0-doc",
        "man": "/nix/store/8jgxr66w6z2dwm3178bf1v2fc8bfhdmn-rustc-wrapper-1.86.0-man",
        "out": "/nix/store/l3px3lx69rshlz549fkc4mhnsibcldwf-rustc-wrapper-1.86.0"
      },
      "system": "x86_64-darwin",
      "group": "toplevel",
      "priority": 5
    },
    {
      "attr_path": "rustc",
      "broken": false,
      "derivation": "/nix/store/4j1w02vsp05axjb9x80dy51dgybkiibx-rustc-wrapper-1.86.0.drv",
      "description": "Safe, concurrent, practical language (wrapper script)",
      "install_id": "rustc",
      "license": "[ MIT, Apache-2.0 ]",
      "locked_url": "https://github.com/flox/nixpkgs?rev=9e83b64f727c88a7711a2c463a7b16eedb69a84c",
      "name": "rustc-wrapper-1.86.0",
      "pname": "rustc",
      "rev": "9e83b64f727c88a7711a2c463a7b16eedb69a84c",
      "rev_count": 816272,
      "rev_date": "2025-06-17T04:31:58Z",
      "scrape_date": "2025-06-18T01:33:31.877007Z",
      "stabilities": [
        "unstable"
      ],
      "unfree": false,
      "version": "1.86.0",
      "outputs_to_install": [
        "man",
        "out"
      ],
      "outputs": {
        "doc": "/nix/store/bqgwg2rscrn1hnf7j7jxi9dz28gjmpjz-rustc-wrapper-1.86.0-doc",
        "man": "/nix/store/97wj4yq0g2vrdsh2vlrpd6wa31plfn8k-rustc-wrapper-1.86.0-man",
        "out": "/nix/store/9bc93rjal0wmb7cc5j0c94k5dfl2axiz-rustc-wrapper-1.86.0"
      },
      "system": "x86_64-linux",
      "group": "toplevel",
      "priority": 5
    },
    {
      "attr_path": "rustfmt",
      "broken": false,
      "derivation": "/nix/store/i490mnj6p82f2xf354yqnqy91w3lzwrx-rustfmt-1.86.0.drv",
      "description": "Tool for formatting Rust code according to style guidelines",
      "install_id": "rustfmt",
      "license": "[ MIT, Apache-2.0 ]",
      "locked_url": "https://github.com/flox/nixpkgs?rev=9e83b64f727c88a7711a2c463a7b16eedb69a84c",
      "name": "rustfmt-1.86.0",
      "pname": "rustfmt",
      "rev": "9e83b64f727c88a7711a2c463a7b16eedb69a84c",
      "rev_count": 816272,
      "rev_date": "2025-06-17T04:31:58Z",
      "scrape_date": "2025-06-18T00:36:48.859698Z",
      "stabilities": [
        "unstable"
      ],
      "unfree": false,
      "version": "1.86.0",
      "outputs_to_install": [
        "out"
      ],
      "outputs": {
        "out": "/nix/store/jgvccf4zr25v51ycxcplqrsfczixw3k5-rustfmt-1.86.0"
      },
      "system": "aarch64-darwin",
      "group": "toplevel",
      "priority": 5
    },
    {
      "attr_path": "rustfmt",
      "broken": false,
      "derivation": "/nix/store/v835brj6sn1lx6kpbbxkkmvmw4g28kg9-rustfmt-1.86.0.drv",
      "description": "Tool for formatting Rust code according to style guidelines",
      "install_id": "rustfmt",
      "license": "[ MIT, Apache-2.0 ]",
      "locked_url": "https://github.com/flox/nixpkgs?rev=9e83b64f727c88a7711a2c463a7b16eedb69a84c",
      "name": "rustfmt-1.86.0",
      "pname": "rustfmt",
      "rev": "9e83b64f727c88a7711a2c463a7b16eedb69a84c",
      "rev_count": 816272,
      "rev_date": "2025-06-17T04:31:58Z",
      "scrape_date": "2025-06-18T00:55:46.373578Z",
      "stabilities": [
        "unstable"
      ],
      "unfree": false,
      "version": "1.86.0",
      "outputs_to_install": [
        "out"
      ],
      "outputs": {
        "out": "/nix/store/fw80wy09wspm3b5c1wcy9n144j1p3sxy-rustfmt-1.86.0"
      },
      "system": "aarch64-linux",
      "group": "toplevel",
      "priority": 5
    },
    {
      "attr_path": "rustfmt",
      "broken": false,
      "derivation": "/nix/store/xmj6r9qwfd3jpsfl6va8993pr3m6lh48-rustfmt-1.86.0.drv",
      "description": "Tool for formatting Rust code according to style guidelines",
      "install_id": "rustfmt",
      "license": "[ MIT, Apache-2.0 ]",
      "locked_url": "https://github.com/flox/nixpkgs?rev=9e83b64f727c88a7711a2c463a7b16eedb69a84c",
      "name": "rustfmt-1.86.0",
      "pname": "rustfmt",
      "rev": "9e83b64f727c88a7711a2c463a7b16eedb69a84c",
      "rev_count": 816272,
      "rev_date": "2025-06-17T04:31:58Z",
      "scrape_date": "2025-06-18T01:12:56.912598Z",
      "stabilities": [
        "unstable"
      ],
      "unfree": false,
      "version": "1.86.0",
      "outputs_to_install": [
        "out"
      ],
      "outputs": {
        "out": "/nix/store/4r4bc04gh9k3x5bri7is8041vmjip7ka-rustfmt-1.86.0"
      },
      "system": "x86_64-darwin",
      "group": "toplevel",
      "priority": 5
    },
    {
      "attr_path": "rustfmt",
      "broken": false,
      "derivation": "/nix/store/vn9kp9bljb37d692avgx16igq26i92da-rustfmt-1.86.0.drv",
      "description": "Tool for formatting Rust code according to style guidelines",
      "install_id": "rustfmt",
      "license": "[ MIT, Apache-2.0 ]",
      "locked_url": "https://github.com/flox/nixpkgs?rev=9e83b64f727c88a7711a2c463a7b16eedb69a84c",
      "name": "rustfmt-1.86.0",
      "pname": "rustfmt",
      "rev": "9e83b64f727c88a7711a2c463a7b16eedb69a84c",
      "rev_count": 816272,
      "rev_date": "2025-06-17T04:31:58Z",
      "scrape_date": "2025-06-18T01:33:31.893083Z",
      "stabilities": [
        "unstable"
      ],
      "unfree": false,
      "version": "1.86.0",
      "outputs_to_install": [
        "out"
      ],
      "outputs": {
        "out": "/nix/store/xrmj38rzl081wqsp9y2bl2mkl2q2jxd5-rustfmt-1.86.0"
      },
      "system": "x86_64-linux",
      "group": "toplevel",
      "priority": 5
    }
  ]
}